// !$*UTF8*$!
{
	archiveVersion = 1;
	classes = {
	};
	objectVersion = 56;
	objects = {

/* Begin PBXBuildFile section */
		DFA8E5122AB833E9006A4B69 /* AppDelegate.m in Sources */ = {isa = PBXBuildFile; fileRef = DFA8E5112AB833E9006A4B69 /* AppDelegate.m */; };
		DFA8E5152AB833E9006A4B69 /* SceneDelegate.m in Sources */ = {isa = PBXBuildFile; fileRef = DFA8E5142AB833E9006A4B69 /* SceneDelegate.m */; };
		DFA8E5182AB833E9006A4B69 /* ViewController.m in Sources */ = {isa = PBXBuildFile; fileRef = DFA8E5172AB833E9006A4B69 /* ViewController.m */; };
		DFA8E51B2AB833E9006A4B69 /* Main.storyboard in Resources */ = {isa = PBXBuildFile; fileRef = DFA8E5192AB833E9006A4B69 /* Main.storyboard */; };
		DFA8E51D2AB833EA006A4B69 /* Assets.xcassets in Resources */ = {isa = PBXBuildFile; fileRef = DFA8E51C2AB833EA006A4B69 /* Assets.xcassets */; };
		DFA8E5202AB833EA006A4B69 /* LaunchScreen.storyboard in Resources */ = {isa = PBXBuildFile; fileRef = DFA8E51E2AB833EA006A4B69 /* LaunchScreen.storyboard */; };
		DFA8E5232AB833EA006A4B69 /* main.m in Sources */ = {isa = PBXBuildFile; fileRef = DFA8E5222AB833EA006A4B69 /* main.m */; };
		DFA8E52B2AB8340D006A4B69 /* Robot.m in Sources */ = {isa = PBXBuildFile; fileRef = DFA8E52A2AB8340D006A4B69 /* Robot.m */; };
/* End PBXBuildFile section */

/* Begin PBXFileReference section */
		DFA8E50D2AB833E9006A4B69 /* obj-c-6.app */ = {isa = PBXFileReference; explicitFileType = wrapper.application; includeInIndex = 0; path = "obj-c-6.app"; sourceTree = BUILT_PRODUCTS_DIR; };
		DFA8E5102AB833E9006A4B69 /* AppDelegate.h */ = {isa = PBXFileReference; lastKnownFileType = sourcecode.c.h; path = AppDelegate.h; sourceTree = "<group>"; };
		DFA8E5112AB833E9006A4B69 /* AppDelegate.m */ = {isa = PBXFileReference; lastKnownFileType = sourcecode.c.objc; path = AppDelegate.m; sourceTree = "<group>"; };
		DFA8E5132AB833E9006A4B69 /* SceneDelegate.h */ = {isa = PBXFileReference; lastKnownFileType = sourcecode.c.h; path = SceneDelegate.h; sourceTree = "<group>"; };
		DFA8E5142AB833E9006A4B69 /* SceneDelegate.m */ = {isa = PBXFileReference; lastKnownFileType = sourcecode.c.objc; path = SceneDelegate.m; sourceTree = "<group>"; };
		DFA8E5162AB833E9006A4B69 /* ViewController.h */ = {isa = PBXFileReference; lastKnownFileType = sourcecode.c.h; path = ViewController.h; sourceTree = "<group>"; };
		DFA8E5172AB833E9006A4B69 /* ViewController.m */ = {isa = PBXFileReference; lastKnownFileType = sourcecode.c.objc; path = ViewController.m; sourceTree = "<group>"; };
		DFA8E51A2AB833E9006A4B69 /* Base */ = {isa = PBXFileReference; lastKnownFileType = file.storyboard; name = Base; path = Base.lproj/Main.storyboard; sourceTree = "<group>"; };
		DFA8E51C2AB833EA006A4B69 /* Assets.xcassets */ = {isa = PBXFileReference; lastKnownFileType = folder.assetcatalog; path = Assets.xcassets; sourceTree = "<group>"; };
		DFA8E51F2AB833EA006A4B69 /* Base */ = {isa = PBXFileReference; lastKnownFileType = file.storyboard; name = Base; path = Base.lproj/LaunchScreen.storyboard; sourceTree = "<group>"; };
		DFA8E5212AB833EA006A4B69 /* Info.plist */ = {isa = PBXFileReference; lastKnownFileType = text.plist.xml; path = Info.plist; sourceTree = "<group>"; };
		DFA8E5222AB833EA006A4B69 /* main.m */ = {isa = PBXFileReference; lastKnownFileType = sourcecode.c.objc; path = main.m; sourceTree = "<group>"; };
		DFA8E5292AB8340D006A4B69 /* Robot.h */ = {isa = PBXFileReference; lastKnownFileType = sourcecode.c.h; path = Robot.h; sourceTree = "<group>"; };
		DFA8E52A2AB8340D006A4B69 /* Robot.m */ = {isa = PBXFileReference; lastKnownFileType = sourcecode.c.objc; path = Robot.m; sourceTree = "<group>"; };
/* End PBXFileReference section */

/* Begin PBXFrameworksBuildPhase section */
		DFA8E50A2AB833E9006A4B69 /* Frameworks */ = {
			isa = PBXFrameworksBuildPhase;
			buildActionMask = 2147483647;
			files = (
			);
			runOnlyForDeploymentPostprocessing = 0;
		};
/* End PBXFrameworksBuildPhase section */

/* Begin PBXGroup section */
		DFA8E5042AB833E9006A4B69 = {
			isa = PBXGroup;
			children = (
				DFA8E50F2AB833E9006A4B69 /* obj-c-6 */,
				DFA8E50E2AB833E9006A4B69 /* Products */,
			);
			sourceTree = "<group>";
		};
		DFA8E50E2AB833E9006A4B69 /* Products */ = {
			isa = PBXGroup;
			children = (
				DFA8E50D2AB833E9006A4B69 /* obj-c-6.app */,
			);
			name = Products;
			sourceTree = "<group>";
		};
		DFA8E50F2AB833E9006A4B69 /* obj-c-6 */ = {
			isa = PBXGroup;
			children = (
				DFA8E5102AB833E9006A4B69 /* AppDelegate.h */,
				DFA8E5112AB833E9006A4B69 /* AppDelegate.m */,
				DFA8E5132AB833E9006A4B69 /* SceneDelegate.h */,
				DFA8E5142AB833E9006A4B69 /* SceneDelegate.m */,
				DFA8E5162AB833E9006A4B69 /* ViewController.h */,
				DFA8E5172AB833E9006A4B69 /* ViewController.m */,
				DFA8E5292AB8340D006A4B69 /* Robot.h */,
				DFA8E52A2AB8340D006A4B69 /* Robot.m */,
				DFA8E5192AB833E9006A4B69 /* Main.storyboard */,
				DFA8E51C2AB833EA006A4B69 /* Assets.xcassets */,
				DFA8E51E2AB833EA006A4B69 /* LaunchScreen.storyboard */,
				DFA8E5212AB833EA006A4B69 /* Info.plist */,
				DFA8E5222AB833EA006A4B69 /* main.m */,
			);
			path = "obj-c-6";
			sourceTree = "<group>";
		};
/* End PBXGroup section */

/* Begin PBXNativeTarget section */
		DFA8E50C2AB833E9006A4B69 /* obj-c-6 */ = {
			isa = PBXNativeTarget;
			buildConfigurationList = DFA8E5262AB833EA006A4B69 /* Build configuration list for PBXNativeTarget "obj-c-6" */;
			buildPhases = (
				DFA8E5092AB833E9006A4B69 /* Sources */,
				DFA8E50A2AB833E9006A4B69 /* Frameworks */,
				DFA8E50B2AB833E9006A4B69 /* Resources */,
			);
			buildRules = (
			);
			dependencies = (
			);
			name = "obj-c-6";
			productName = "obj-c-6";
			productReference = DFA8E50D2AB833E9006A4B69 /* obj-c-6.app */;
			productType = "com.apple.product-type.application";
		};
/* End PBXNativeTarget section */

/* Begin PBXProject section */
		DFA8E5052AB833E9006A4B69 /* Project object */ = {
			isa = PBXProject;
			attributes = {
				BuildIndependentTargetsInParallel = 1;
				LastUpgradeCheck = 1430;
				TargetAttributes = {
					DFA8E50C2AB833E9006A4B69 = {
						CreatedOnToolsVersion = 14.3.1;
					};
				};
			};
			buildConfigurationList = DFA8E5082AB833E9006A4B69 /* Build configuration list for PBXProject "obj-c-6" */;
			compatibilityVersion = "Xcode 14.0";
			developmentRegion = en;
			hasScannedForEncodings = 0;
			knownRegions = (
				en,
				Base,
			);
			mainGroup = DFA8E5042AB833E9006A4B69;
			productRefGroup = DFA8E50E2AB833E9006A4B69 /* Products */;
			projectDirPath = "";
			projectRoot = "";
			targets = (
				DFA8E50C2AB833E9006A4B69 /* obj-c-6 */,
			);
		};
/* End PBXProject section */

/* Begin PBXResourcesBuildPhase section */
		DFA8E50B2AB833E9006A4B69 /* Resources */ = {
			isa = PBXResourcesBuildPhase;
			buildActionMask = 2147483647;
			files = (
				DFA8E5202AB833EA006A4B69 /* LaunchScreen.storyboard in Resources */,
				DFA8E51D2AB833EA006A4B69 /* Assets.xcassets in Resources */,
				DFA8E51B2AB833E9006A4B69 /* Main.storyboard in Resources */,
			);
			runOnlyForDeploymentPostprocessing = 0;
		};
/* End PBXResourcesBuildPhase section */

/* Begin PBXSourcesBuildPhase section */
		DFA8E5092AB833E9006A4B69 /* Sources */ = {
			isa = PBXSourcesBuildPhase;
			buildActionMask = 2147483647;
			files = (
				DFA8E5182AB833E9006A4B69 /* ViewController.m in Sources */,
				DFA8E5122AB833E9006A4B69 /* AppDelegate.m in Sources */,
				DFA8E5232AB833EA006A4B69 /* main.m in Sources */,
				DFA8E5152AB833E9006A4B69 /* SceneDelegate.m in Sources */,
				DFA8E52B2AB8340D006A4B69 /* Robot.m in Sources */,
			);
			runOnlyForDeploymentPostprocessing = 0;
		};
/* End PBXSourcesBuildPhase section */

/* Begin PBXVariantGroup section */
		DFA8E5192AB833E9006A4B69 /* Main.storyboard */ = {
			isa = PBXVariantGroup;
			children = (
				DFA8E51A2AB833E9006A4B69 /* Base */,
			);
			name = Main.storyboard;
			sourceTree = "<group>";
		};
		DFA8E51E2AB833EA006A4B69 /* LaunchScreen.storyboard */ = {
			isa = PBXVariantGroup;
			children = (
				DFA8E51F2AB833EA006A4B69 /* Base */,
			);
			name = LaunchScreen.storyboard;
			sourceTree = "<group>";
		};
/* End PBXVariantGroup section */

/* Begin XCBuildConfiguration section */
		DFA8E5242AB833EA006A4B69 /* Debug */ = {
			isa = XCBuildConfiguration;
			buildSettings = {
				ALWAYS_SEARCH_USER_PATHS = NO;
				CLANG_ANALYZER_NONNULL = YES;
				CLANG_ANALYZER_NUMBER_OBJECT_CONVERSION = YES_AGGRESSIVE;
				CLANG_CXX_LANGUAGE_STANDARD = "gnu++20";
				CLANG_ENABLE_MODULES = YES;
				CLANG_ENABLE_OBJC_ARC = YES;
				CLANG_ENABLE_OBJC_WEAK = YES;
				CLANG_WARN_BLOCK_CAPTURE_AUTORELEASING = YES;
				CLANG_WARN_BOOL_CONVERSION = YES;
				CLANG_WARN_COMMA = YES;
				CLANG_WARN_CONSTANT_CONVERSION = YES;
				CLANG_WARN_DEPRECATED_OBJC_IMPLEMENTATIONS = YES;
				CLANG_WARN_DIRECT_OBJC_ISA_USAGE = YES_ERROR;
				CLANG_WARN_DOCUMENTATION_COMMENTS = YES;
				CLANG_WARN_EMPTY_BODY = YES;
				CLANG_WARN_ENUM_CONVERSION = YES;
				CLANG_WARN_INFINITE_RECURSION = YES;
				CLANG_WARN_INT_CONVERSION = YES;
				CLANG_WARN_NON_LITERAL_NULL_CONVERSION = YES;
				CLANG_WARN_OBJC_IMPLICIT_RETAIN_SELF = YES;
				CLANG_WARN_OBJC_LITERAL_CONVERSION = YES;
				CLANG_WARN_OBJC_ROOT_CLASS = YES_ERROR;
				CLANG_WARN_QUOTED_INCLUDE_IN_FRAMEWORK_HEADER = YES;
				CLANG_WARN_RANGE_LOOP_ANALYSIS = YES;
				CLANG_WARN_STRICT_PROTOTYPES = YES;
				CLANG_WARN_SUSPICIOUS_MOVE = YES;
				CLANG_WARN_UNGUARDED_AVAILABILITY = YES_AGGRESSIVE;
				CLANG_WARN_UNREACHABLE_CODE = YES;
				CLANG_WARN__DUPLICATE_METHOD_MATCH = YES;
				COPY_PHASE_STRIP = NO;
				DEBUG_INFORMATION_FORMAT = dwarf;
				ENABLE_STRICT_OBJC_MSGSEND = YES;
				ENABLE_TESTABILITY = YES;
				GCC_C_LANGUAGE_STANDARD = gnu11;
				GCC_DYNAMIC_NO_PIC = NO;
				GCC_NO_COMMON_BLOCKS = YES;
				GCC_OPTIMIZATION_LEVEL = 0;
				GCC_PREPROCESSOR_DEFINITIONS = (
					"DEBUG=1",
					"$(inherited)",
				);
				GCC_WARN_64_TO_32_BIT_CONVERSION = YES;
				GCC_WARN_ABOUT_RETURN_TYPE = YES_ERROR;
				GCC_WARN_UNDECLARED_SELECTOR = YES;
				GCC_WARN_UNINITIALIZED_AUTOS = YES_AGGRESSIVE;
				GCC_WARN_UNUSED_FUNCTION = YES;
				GCC_WARN_UNUSED_VARIABLE = YES;
				IPHONEOS_DEPLOYMENT_TARGET = 16.4;
				MTL_ENABLE_DEBUG_INFO = INCLUDE_SOURCE;
				MTL_FAST_MATH = YES;
				ONLY_ACTIVE_ARCH = YES;
				SDKROOT = iphoneos;
			};
			name = Debug;
		};
		DFA8E5252AB833EA006A4B69 /* Release */ = {
			isa = XCBuildConfiguration;
			buildSettings = {
				ALWAYS_SEARCH_USER_PATHS = NO;
				CLANG_ANALYZER_NONNULL = YES;
				CLANG_ANALYZER_NUMBER_OBJECT_CONVERSION = YES_AGGRESSIVE;
				CLANG_CXX_LANGUAGE_STANDARD = "gnu++20";
				CLANG_ENABLE_MODULES = YES;
				CLANG_ENABLE_OBJC_ARC = YES;
				CLANG_ENABLE_OBJC_WEAK = YES;
				CLANG_WARN_BLOCK_CAPTURE_AUTORELEASING = YES;
				CLANG_WARN_BOOL_CONVERSION = YES;
				CLANG_WARN_COMMA = YES;
				CLANG_WARN_CONSTANT_CONVERSION = YES;
				CLANG_WARN_DEPRECATED_OBJC_IMPLEMENTATIONS = YES;
				CLANG_WARN_DIRECT_OBJC_ISA_USAGE = YES_ERROR;
				CLANG_WARN_DOCUMENTATION_COMMENTS = YES;
				CLANG_WARN_EMPTY_BODY = YES;
				CLANG_WARN_ENUM_CONVERSION = YES;
				CLANG_WARN_INFINITE_RECURSION = YES;
				CLANG_WARN_INT_CONVERSION = YES;
				CLANG_WARN_NON_LITERAL_NULL_CONVERSION = YES;
				CLANG_WARN_OBJC_IMPLICIT_RETAIN_SELF = YES;
				CLANG_WARN_OBJC_LITERAL_CONVERSION = YES;
				CLANG_WARN_OBJC_ROOT_CLASS = YES_ERROR;
				CLANG_WARN_QUOTED_INCLUDE_IN_FRAMEWORK_HEADER = YES;
				CLANG_WARN_RANGE_LOOP_ANALYSIS = YES;
				CLANG_WARN_STRICT_PROTOTYPES = YES;
				CLANG_WARN_SUSPICIOUS_MOVE = YES;
				CLANG_WARN_UNGUARDED_AVAILABILITY = YES_AGGRESSIVE;
				CLANG_WARN_UNREACHABLE_CODE = YES;
				CLANG_WARN__DUPLICATE_METHOD_MATCH = YES;
				COPY_PHASE_STRIP = NO;
				DEBUG_INFORMATION_FORMAT = "dwarf-with-dsym";
				ENABLE_NS_ASSERTIONS = NO;
				ENABLE_STRICT_OBJC_MSGSEND = YES;
				GCC_C_LANGUAGE_STANDARD = gnu11;
				GCC_NO_COMMON_BLOCKS = YES;
				GCC_WARN_64_TO_32_BIT_CONVERSION = YES;
				GCC_WARN_ABOUT_RETURN_TYPE = YES_ERROR;
				GCC_WARN_UNDECLARED_SELECTOR = YES;
				GCC_WARN_UNINITIALIZED_AUTOS = YES_AGGRESSIVE;
				GCC_WARN_UNUSED_FUNCTION = YES;
				GCC_WARN_UNUSED_VARIABLE = YES;
				IPHONEOS_DEPLOYMENT_TARGET = 16.4;
				MTL_ENABLE_DEBUG_INFO = NO;
				MTL_FAST_MATH = YES;
				SDKROOT = iphoneos;
				VALIDATE_PRODUCT = YES;
			};
			name = Release;
		};
		DFA8E5272AB833EA006A4B69 /* Debug */ = {
			isa = XCBuildConfiguration;
			buildSettings = {
				ASSETCATALOG_COMPILER_APPICON_NAME = AppIcon;
				ASSETCATALOG_COMPILER_GLOBAL_ACCENT_COLOR_NAME = AccentColor;
				CODE_SIGN_STYLE = Automatic;
				CURRENT_PROJECT_VERSION = 1;
				GENERATE_INFOPLIST_FILE = YES;
				INFOPLIST_FILE = "obj-c-6/Info.plist";
				INFOPLIST_KEY_UIApplicationSupportsIndirectInputEvents = YES;
				INFOPLIST_KEY_UILaunchStoryboardName = LaunchScreen;
				INFOPLIST_KEY_UIMainStoryboardFile = Main;
				INFOPLIST_KEY_UISupportedInterfaceOrientations_iPad = "UIInterfaceOrientationPortrait UIInterfaceOrientationPortraitUpsideDown UIInterfaceOrientationLandscapeLeft UIInterfaceOrientationLandscapeRight";
				INFOPLIST_KEY_UISupportedInterfaceOrientations_iPhone = "UIInterfaceOrientationPortrait UIInterfaceOrientationLandscapeLeft UIInterfaceOrientationLandscapeRight";
				LD_RUNPATH_SEARCH_PATHS = (
					"$(inherited)",
					"@executable_path/Frameworks",
				);
				MARKETING_VERSION = 1.0;
				PRODUCT_BUNDLE_IDENTIFIER = "com.ju.obj-c-6";
				PRODUCT_NAME = "$(TARGET_NAME)";
				SWIFT_EMIT_LOC_STRINGS = YES;
				TARGETED_DEVICE_FAMILY = "1,2";
			};
			name = Debug;
		};
		DFA8E5282AB833EA006A4B69 /* Release */ = {
			isa = XCBuildConfiguration;
			buildSettings = {
				ASSETCATALOG_COMPILER_APPICON_NAME = AppIcon;
				ASSETCATALOG_COMPILER_GLOBAL_ACCENT_COLOR_NAME = AccentColor;
				CODE_SIGN_STYLE = Automatic;
				CURRENT_PROJECT_VERSION = 1;
				GENERATE_INFOPLIST_FILE = YES;
				INFOPLIST_FILE = "obj-c-6/Info.plist";
				INFOPLIST_KEY_UIApplicationSupportsIndirectInputEvents = YES;
				INFOPLIST_KEY_UILaunchStoryboardName = LaunchScreen;
				INFOPLIST_KEY_UIMainStoryboardFile = Main;
				INFOPLIST_KEY_UISupportedInterfaceOrientations_iPad = "UIInterfaceOrientationPortrait UIInterfaceOrientationPortraitUpsideDown UIInterfaceOrientationLandscapeLeft UIInterfaceOrientationLandscapeRight";
				INFOPLIST_KEY_UISupportedInterfaceOrientations_iPhone = "UIInterfaceOrientationPortrait UIInterfaceOrientationLandscapeLeft UIInterfaceOrientationLandscapeRight";
				LD_RUNPATH_SEARCH_PATHS = (
					"$(inherited)",
					"@executable_path/Frameworks",
				);
				MARKETING_VERSION = 1.0;
				PRODUCT_BUNDLE_IDENTIFIER = "com.ju.obj-c-6";
				PRODUCT_NAME = "$(TARGET_NAME)";
				SWIFT_EMIT_LOC_STRINGS = YES;
				TARGETED_DEVICE_FAMILY = "1,2";
			};
			name = Release;
		};
/* End XCBuildConfiguration section */

/* Begin XCConfigurationList section */
		DFA8E5082AB833E9006A4B69 /* Build configuration list for PBXProject "obj-c-6" */ = {
			isa = XCConfigurationList;
			buildConfigurations = (
				DFA8E5242AB833EA006A4B69 /* Debug */,
				DFA8E5252AB833EA006A4B69 /* Release */,
			);
			defaultConfigurationIsVisible = 0;
			defaultConfigurationName = Release;
		};
		DFA8E5262AB833EA006A4B69 /* Build configuration list for PBXNativeTarget "obj-c-6" */ = {
			isa = XCConfigurationList;
			buildConfigurations = (
				DFA8E5272AB833EA006A4B69 /* Debug */,
				DFA8E5282AB833EA006A4B69 /* Release */,
			);
			defaultConfigurationIsVisible = 0;
			defaultConfigurationName = Release;
		};
/* End XCConfigurationList section */
	};
	rootObject = DFA8E5052AB833E9006A4B69 /* Project object */;
}
